
Microsoft Visual Studio Solution File, Format Version 12.00
# Visual Studio Version 17
VisualStudioVersion = 17.0.32014.148
MinimumVisualStudioVersion = 10.0.40219.1
Project("{FAE04EC0-301F-11D3-BF4B-00C04F79EFBC}") = "LeMotLePlusLong", "LeMotLePlusLong\LeMotLePlusLong.csproj", "{CF90C991-AD4C-4B31-A4F2-A560BA51489D}"
EndProject
Project("{9A19103F-16F7-4668-BE54-9A1E7A4F7556}") = "Le_compte_est_bon", "Le_compte_est_bon\Le_compte_est_bon.csproj", "{DC7AD3DF-3E46-4A42-8319-D3D9C70F76CD}"
EndProject
Project("{FAE04EC0-301F-11D3-BF4B-00C04F79EFBC}") = "Le_compte_est_bon_NET48", "Le_compte_est_bon_NET48\Le_compte_est_bon_NET48.csproj", "{FC5CE69C-FB52-4962-AE50-F24386BE70C2}"
EndProject
Project("{FAE04EC0-301F-11D3-BF4B-00C04F79EFBC}") = "LibraryLeCompteEstbon", "LibraryLeCompteEstbon\LibraryLeCompteEstbon.csproj", "{F1A16024-D8DA-45D2-99F4-12AD2D0164DC}"
EndProject
Project("{FAE04EC0-301F-11D3-BF4B-00C04F79EFBC}") = "LeCompteEstBonAvecbibliotheque", "LeCompteEstBonAvecbibliotheque\LeCompteEstBonAvecbibliotheque.csproj", "{6B832681-5F88-4E32-9ED3-BCAAF4462549}"
EndProject
Project("{FAE04EC0-301F-11D3-BF4B-00C04F79EFBC}") = "LeCompteEstBon.UnitTest", "LeCompteEstBon.UnitTest\LeCompteEstBon.UnitTest.csproj", "{36A66A53-46C1-4A8C-A311-E251FCE47BAD}"
EndProject
Project("{FAE04EC0-301F-11D3-BF4B-00C04F79EFBC}") = "SearchForCountNotRight", "SearchForCountNotRight\SearchForCountNotRight.csproj", "{60A3014B-0C12-4ADD-B61A-07440915A723}"
EndProject
Global
	GlobalSection(SolutionConfigurationPlatforms) = preSolution
		Debug|Any CPU = Debug|Any CPU
		Release|Any CPU = Release|Any CPU
	EndGlobalSection
	GlobalSection(ProjectConfigurationPlatforms) = postSolution
		{CF90C991-AD4C-4B31-A4F2-A560BA51489D}.Debug|Any CPU.ActiveCfg = Debug|Any CPU
		{CF90C991-AD4C-4B31-A4F2-A560BA51489D}.Debug|Any CPU.Build.0 = Debug|Any CPU
		{CF90C991-AD4C-4B31-A4F2-A560BA51489D}.Release|Any CPU.ActiveCfg = Release|Any CPU
		{CF90C991-AD4C-4B31-A4F2-A560BA51489D}.Release|Any CPU.Build.0 = Release|Any CPU
		{DC7AD3DF-3E46-4A42-8319-D3D9C70F76CD}.Debug|Any CPU.ActiveCfg = Debug|Any CPU
		{DC7AD3DF-3E46-4A42-8319-D3D9C70F76CD}.Debug|Any CPU.Build.0 = Debug|Any CPU
		{DC7AD3DF-3E46-4A42-8319-D3D9C70F76CD}.Release|Any CPU.ActiveCfg = Release|Any CPU
		{DC7AD3DF-3E46-4A42-8319-D3D9C70F76CD}.Release|Any CPU.Build.0 = Release|Any CPU
		{FC5CE69C-FB52-4962-AE50-F24386BE70C2}.Debug|Any CPU.ActiveCfg = Debug|Any CPU
		{FC5CE69C-FB52-4962-AE50-F24386BE70C2}.Debug|Any CPU.Build.0 = Debug|Any CPU
		{FC5CE69C-FB52-4962-AE50-F24386BE70C2}.Release|Any CPU.ActiveCfg = Release|Any CPU
		{FC5CE69C-FB52-4962-AE50-F24386BE70C2}.Release|Any CPU.Build.0 = Release|Any CPU
		{F1A16024-D8DA-45D2-99F4-12AD2D0164DC}.Debug|Any CPU.ActiveCfg = Debug|Any CPU
		{F1A16024-D8DA-45D2-99F4-12AD2D0164DC}.Debug|Any CPU.Build.0 = Debug|Any CPU
		{F1A16024-D8DA-45D2-99F4-12AD2D0164DC}.Release|Any CPU.ActiveCfg = Release|Any CPU
		{F1A16024-D8DA-45D2-99F4-12AD2D0164DC}.Release|Any CPU.Build.0 = Release|Any CPU
		{6B832681-5F88-4E32-9ED3-BCAAF4462549}.Debug|Any CPU.ActiveCfg = Debug|Any CPU
		{6B832681-5F88-4E32-9ED3-BCAAF4462549}.Debug|Any CPU.Build.0 = Debug|Any CPU
		{6B832681-5F88-4E32-9ED3-BCAAF4462549}.Release|Any CPU.ActiveCfg = Release|Any CPU
		{6B832681-5F88-4E32-9ED3-BCAAF4462549}.Release|Any CPU.Build.0 = Release|Any CPU
		{36A66A53-46C1-4A8C-A311-E251FCE47BAD}.Debug|Any CPU.ActiveCfg = Debug|Any CPU
		{36A66A53-46C1-4A8C-A311-E251FCE47BAD}.Debug|Any CPU.Build.0 = Debug|Any CPU
		{36A66A53-46C1-4A8C-A311-E251FCE47BAD}.Release|Any CPU.ActiveCfg = Release|Any CPU
		{36A66A53-46C1-4A8C-A311-E251FCE47BAD}.Release|Any CPU.Build.0 = Release|Any CPU
		{60A3014B-0C12-4ADD-B61A-07440915A723}.Debug|Any CPU.ActiveCfg = Debug|Any CPU
		{60A3014B-0C12-4ADD-B61A-07440915A723}.Debug|Any CPU.Build.0 = Debug|Any CPU
		{60A3014B-0C12-4ADD-B61A-07440915A723}.Release|Any CPU.ActiveCfg = Release|Any CPU
		{60A3014B-0C12-4ADD-B61A-07440915A723}.Release|Any CPU.Build.0 = Release|Any CPU
	EndGlobalSection
	GlobalSection(SolutionProperties) = preSolution
		HideSolutionNode = FALSE
	EndGlobalSection
	GlobalSection(ExtensibilityGlobals) = postSolution
		SolutionGuid = {4E9F1D9A-8CEF-4EEC-9926-1DB5F86C6CDA}
	EndGlobalSection
EndGlobal
